// !$*UTF8*$!
{
	archiveVersion = 1;
	classes = {
	};
	objectVersion = 55;
	objects = {

/* Begin PBXBuildFile section */
		5224E410287824E60047E2F2 /* LoginViewModel.swift in Sources */ = {isa = PBXBuildFile; fileRef = 5224E40F287824E60047E2F2 /* LoginViewModel.swift */; };
		5224E412287C31390047E2F2 /* Coordinator.swift in Sources */ = {isa = PBXBuildFile; fileRef = 5224E411287C31390047E2F2 /* Coordinator.swift */; };
		5224E414287C3FAC0047E2F2 /* CoordinatorProtocol.swift in Sources */ = {isa = PBXBuildFile; fileRef = 5224E413287C3FAC0047E2F2 /* CoordinatorProtocol.swift */; };
		5224E41A287C5BC20047E2F2 /* LoginClient.swift in Sources */ = {isa = PBXBuildFile; fileRef = 5224E419287C5BC20047E2F2 /* LoginClient.swift */; };
		5224E41C287C63660047E2F2 /* RequestError.swift in Sources */ = {isa = PBXBuildFile; fileRef = 5224E41B287C63660047E2F2 /* RequestError.swift */; };
		5224E420287C6CD20047E2F2 /* LoginResponseClientModel.swift in Sources */ = {isa = PBXBuildFile; fileRef = 5224E41F287C6CD20047E2F2 /* LoginResponseClientModel.swift */; };
		5224E422287D6BD10047E2F2 /* AppDependencies.swift in Sources */ = {isa = PBXBuildFile; fileRef = 5224E421287D6BD10047E2F2 /* AppDependencies.swift */; };
		5224E42F287DADC60047E2F2 /* SecurityStorage.swift in Sources */ = {isa = PBXBuildFile; fileRef = 5224E42E287DADC60047E2F2 /* SecurityStorage.swift */; };
		5224E432287DB0CD0047E2F2 /* KeychainAccess in Frameworks */ = {isa = PBXBuildFile; productRef = 5224E431287DB0CD0047E2F2 /* KeychainAccess */; };
		5224E439287DB39A0047E2F2 /* UserDataSource.swift in Sources */ = {isa = PBXBuildFile; fileRef = 5224E438287DB39A0047E2F2 /* UserDataSource.swift */; };
		5224E43C287DC3B60047E2F2 /* LoginDataSource.swift in Sources */ = {isa = PBXBuildFile; fileRef = 5224E43B287DC3B60047E2F2 /* LoginDataSource.swift */; };
		5224E43E287DC3CB0047E2F2 /* LoginResponseDataModel.swift in Sources */ = {isa = PBXBuildFile; fileRef = 5224E43D287DC3CB0047E2F2 /* LoginResponseDataModel.swift */; };
		5224E442287DC3E30047E2F2 /* LoginUseCase.swift in Sources */ = {isa = PBXBuildFile; fileRef = 5224E440287DC3E30047E2F2 /* LoginUseCase.swift */; };
		5224E445287EB8BD0047E2F2 /* UserViewController.swift in Sources */ = {isa = PBXBuildFile; fileRef = 5224E444287EB8BD0047E2F2 /* UserViewController.swift */; };
		5224E449287EF17D0047E2F2 /* TokenCheckClient.swift in Sources */ = {isa = PBXBuildFile; fileRef = 5224E448287EF17D0047E2F2 /* TokenCheckClient.swift */; };
		5224E44E2880255F0047E2F2 /* QuizViewController.swift in Sources */ = {isa = PBXBuildFile; fileRef = 5224E44D2880255F0047E2F2 /* QuizViewController.swift */; };
		5224E45128804F280047E2F2 /* UserViewModel.swift in Sources */ = {isa = PBXBuildFile; fileRef = 5224E45028804F280047E2F2 /* UserViewModel.swift */; };
		5224E454288069160047E2F2 /* UserUseCase.swift in Sources */ = {isa = PBXBuildFile; fileRef = 5224E453288069160047E2F2 /* UserUseCase.swift */; };
		5267551F2876CF9F00DFA655 /* CustomInputFieldView.swift in Sources */ = {isa = PBXBuildFile; fileRef = 5267551E2876CF9F00DFA655 /* CustomInputFieldView.swift */; };
		526755212876D04D00DFA655 /* ConstructViewsProtocol.swift in Sources */ = {isa = PBXBuildFile; fileRef = 526755202876D04D00DFA655 /* ConstructViewsProtocol.swift */; };
		526755242876D7FC00DFA655 /* SnapKit in Frameworks */ = {isa = PBXBuildFile; productRef = 526755232876D7FC00DFA655 /* SnapKit */; };
		526755262876EEFF00DFA655 /* CustomInputFieldType.swift in Sources */ = {isa = PBXBuildFile; fileRef = 526755252876EEFF00DFA655 /* CustomInputFieldType.swift */; };
		527487B828817D6200124594 /* AccountClient.swift in Sources */ = {isa = PBXBuildFile; fileRef = 527487B728817D6200124594 /* AccountClient.swift */; };
		527487BA28817E7800124594 /* AccountResponseClientModel.swift in Sources */ = {isa = PBXBuildFile; fileRef = 527487B928817E7800124594 /* AccountResponseClientModel.swift */; };
		527487BE28818E4F00124594 /* AccountResponseDataModel.swift in Sources */ = {isa = PBXBuildFile; fileRef = 527487BD28818E4F00124594 /* AccountResponseDataModel.swift */; };
		527487C028819B8700124594 /* AccountModel.swift in Sources */ = {isa = PBXBuildFile; fileRef = 527487BF28819B8700124594 /* AccountModel.swift */; };
		527487C328857E9500124594 /* CustomSegmentedControl.swift in Sources */ = {isa = PBXBuildFile; fileRef = 527487C228857E9500124594 /* CustomSegmentedControl.swift */; };
		527487C728858B2A00124594 /* NetworkClient.swift in Sources */ = {isa = PBXBuildFile; fileRef = 527487C628858B2A00124594 /* NetworkClient.swift */; };
		527487C928859CBA00124594 /* RequestMethod.swift in Sources */ = {isa = PBXBuildFile; fileRef = 527487C828859CBA00124594 /* RequestMethod.swift */; };
		528A029528900897001706B2 /* QuizCategoryModel.swift in Sources */ = {isa = PBXBuildFile; fileRef = 528A029428900897001706B2 /* QuizCategoryModel.swift */; };
		528A0297289009F9001706B2 /* QuizDifficultyLevelModel.swift in Sources */ = {isa = PBXBuildFile; fileRef = 528A0296289009F9001706B2 /* QuizDifficultyLevelModel.swift */; };
		528A029928900A67001706B2 /* QuizViewModel.swift in Sources */ = {isa = PBXBuildFile; fileRef = 528A029828900A67001706B2 /* QuizViewModel.swift */; };
		52A997082897C1E400516F2A /* Kingfisher in Frameworks */ = {isa = PBXBuildFile; productRef = 52A997072897C1E400516F2A /* Kingfisher */; };
		52A9970A2897C5D500516F2A /* QuizCategory.swift in Sources */ = {isa = PBXBuildFile; fileRef = 52A997092897C5D500516F2A /* QuizCategory.swift */; };
		52A9970C2897C62A00516F2A /* QuizDifficultyLevel.swift in Sources */ = {isa = PBXBuildFile; fileRef = 52A9970B2897C62A00516F2A /* QuizDifficultyLevel.swift */; };
		52A9970E2897CAEF00516F2A /* Quiz.swift in Sources */ = {isa = PBXBuildFile; fileRef = 52A9970D2897CAEF00516F2A /* Quiz.swift */; };
		52C664582897EA4B00A7942A /* QuizDifficultyLevelDataModel.swift in Sources */ = {isa = PBXBuildFile; fileRef = 52C664572897EA4B00A7942A /* QuizDifficultyLevelDataModel.swift */; };
		52C6645A2897FFEE00A7942A /* QuizDifficultyLevelClientModel.swift in Sources */ = {isa = PBXBuildFile; fileRef = 52C664592897FFEE00A7942A /* QuizDifficultyLevelClientModel.swift */; };
		52C6645C2898236000A7942A /* QuizCollectionViewHeader.swift in Sources */ = {isa = PBXBuildFile; fileRef = 52C6645B2898236000A7942A /* QuizCollectionViewHeader.swift */; };
		52C6645E2898265300A7942A /* QuizCollectionViewFooter.swift in Sources */ = {isa = PBXBuildFile; fileRef = 52C6645D2898265300A7942A /* QuizCollectionViewFooter.swift */; };
		52DD12BC28902B6E0022AA31 /* QuizCollectionViewCell.swift in Sources */ = {isa = PBXBuildFile; fileRef = 52DD12BB28902B6E0022AA31 /* QuizCollectionViewCell.swift */; };
		52DD12C32892DF7D0022AA31 /* QuizDifficultyLevelView.swift in Sources */ = {isa = PBXBuildFile; fileRef = 52DD12C22892DF7D0022AA31 /* QuizDifficultyLevelView.swift */; };
		52E477332875999600884F2B /* AppDelegate.swift in Sources */ = {isa = PBXBuildFile; fileRef = 52E477322875999600884F2B /* AppDelegate.swift */; };
		52E477352875999600884F2B /* SceneDelegate.swift in Sources */ = {isa = PBXBuildFile; fileRef = 52E477342875999600884F2B /* SceneDelegate.swift */; };
		52E477372875999600884F2B /* LoginViewController.swift in Sources */ = {isa = PBXBuildFile; fileRef = 52E477362875999600884F2B /* LoginViewController.swift */; };
		52E4773C2875999900884F2B /* Assets.xcassets in Resources */ = {isa = PBXBuildFile; fileRef = 52E4773B2875999900884F2B /* Assets.xcassets */; };
		52F621A92893DEEE008DAC33 /* QuizClient.swift in Sources */ = {isa = PBXBuildFile; fileRef = 52F621A82893DEEE008DAC33 /* QuizClient.swift */; };
		52F621AB2893F074008DAC33 /* QuizResponseClientModel.swift in Sources */ = {isa = PBXBuildFile; fileRef = 52F621AA2893F074008DAC33 /* QuizResponseClientModel.swift */; };
		52F621AE2893F0C6008DAC33 /* QuizResponseDataModel.swift in Sources */ = {isa = PBXBuildFile; fileRef = 52F621AD2893F0C6008DAC33 /* QuizResponseDataModel.swift */; };
		52F621B02893F155008DAC33 /* QuizDataSource.swift in Sources */ = {isa = PBXBuildFile; fileRef = 52F621AF2893F155008DAC33 /* QuizDataSource.swift */; };
		52F621B32893F371008DAC33 /* QuizUseCase.swift in Sources */ = {isa = PBXBuildFile; fileRef = 52F621B22893F371008DAC33 /* QuizUseCase.swift */; };
		52F621B52893F3AD008DAC33 /* QuizModel.swift in Sources */ = {isa = PBXBuildFile; fileRef = 52F621B42893F3AD008DAC33 /* QuizModel.swift */; };
		52F621BA289405D8008DAC33 /* QuizCategoryDataModel.swift in Sources */ = {isa = PBXBuildFile; fileRef = 52F621B9289405D8008DAC33 /* QuizCategoryDataModel.swift */; };
		52F621BC28940780008DAC33 /* QuizCategoryClientModel.swift in Sources */ = {isa = PBXBuildFile; fileRef = 52F621BB28940780008DAC33 /* QuizCategoryClientModel.swift */; };
/* End PBXBuildFile section */

/* Begin PBXFileReference section */
		5224E40F287824E60047E2F2 /* LoginViewModel.swift */ = {isa = PBXFileReference; lastKnownFileType = sourcecode.swift; path = LoginViewModel.swift; sourceTree = "<group>"; };
		5224E411287C31390047E2F2 /* Coordinator.swift */ = {isa = PBXFileReference; lastKnownFileType = sourcecode.swift; path = Coordinator.swift; sourceTree = "<group>"; };
		5224E413287C3FAC0047E2F2 /* CoordinatorProtocol.swift */ = {isa = PBXFileReference; lastKnownFileType = sourcecode.swift; path = CoordinatorProtocol.swift; sourceTree = "<group>"; };
		5224E419287C5BC20047E2F2 /* LoginClient.swift */ = {isa = PBXFileReference; lastKnownFileType = sourcecode.swift; path = LoginClient.swift; sourceTree = "<group>"; };
		5224E41B287C63660047E2F2 /* RequestError.swift */ = {isa = PBXFileReference; lastKnownFileType = sourcecode.swift; path = RequestError.swift; sourceTree = "<group>"; };
		5224E41F287C6CD20047E2F2 /* LoginResponseClientModel.swift */ = {isa = PBXFileReference; lastKnownFileType = sourcecode.swift; path = LoginResponseClientModel.swift; sourceTree = "<group>"; };
		5224E421287D6BD10047E2F2 /* AppDependencies.swift */ = {isa = PBXFileReference; lastKnownFileType = sourcecode.swift; path = AppDependencies.swift; sourceTree = "<group>"; };
		5224E42E287DADC60047E2F2 /* SecurityStorage.swift */ = {isa = PBXFileReference; lastKnownFileType = sourcecode.swift; path = SecurityStorage.swift; sourceTree = "<group>"; };
		5224E438287DB39A0047E2F2 /* UserDataSource.swift */ = {isa = PBXFileReference; lastKnownFileType = sourcecode.swift; path = UserDataSource.swift; sourceTree = "<group>"; };
		5224E43B287DC3B60047E2F2 /* LoginDataSource.swift */ = {isa = PBXFileReference; fileEncoding = 4; lastKnownFileType = sourcecode.swift; path = LoginDataSource.swift; sourceTree = "<group>"; };
		5224E43D287DC3CB0047E2F2 /* LoginResponseDataModel.swift */ = {isa = PBXFileReference; fileEncoding = 4; lastKnownFileType = sourcecode.swift; path = LoginResponseDataModel.swift; sourceTree = "<group>"; };
		5224E440287DC3E30047E2F2 /* LoginUseCase.swift */ = {isa = PBXFileReference; fileEncoding = 4; lastKnownFileType = sourcecode.swift; path = LoginUseCase.swift; sourceTree = "<group>"; };
		5224E444287EB8BD0047E2F2 /* UserViewController.swift */ = {isa = PBXFileReference; lastKnownFileType = sourcecode.swift; path = UserViewController.swift; sourceTree = "<group>"; };
		5224E448287EF17D0047E2F2 /* TokenCheckClient.swift */ = {isa = PBXFileReference; lastKnownFileType = sourcecode.swift; path = TokenCheckClient.swift; sourceTree = "<group>"; };
		5224E44D2880255F0047E2F2 /* QuizViewController.swift */ = {isa = PBXFileReference; lastKnownFileType = sourcecode.swift; path = QuizViewController.swift; sourceTree = "<group>"; };
		5224E45028804F280047E2F2 /* UserViewModel.swift */ = {isa = PBXFileReference; lastKnownFileType = sourcecode.swift; path = UserViewModel.swift; sourceTree = "<group>"; };
		5224E453288069160047E2F2 /* UserUseCase.swift */ = {isa = PBXFileReference; lastKnownFileType = sourcecode.swift; path = UserUseCase.swift; sourceTree = "<group>"; };
		5267551E2876CF9F00DFA655 /* CustomInputFieldView.swift */ = {isa = PBXFileReference; lastKnownFileType = sourcecode.swift; path = CustomInputFieldView.swift; sourceTree = "<group>"; };
		526755202876D04D00DFA655 /* ConstructViewsProtocol.swift */ = {isa = PBXFileReference; lastKnownFileType = sourcecode.swift; path = ConstructViewsProtocol.swift; sourceTree = "<group>"; };
		526755252876EEFF00DFA655 /* CustomInputFieldType.swift */ = {isa = PBXFileReference; lastKnownFileType = sourcecode.swift; path = CustomInputFieldType.swift; sourceTree = "<group>"; };
		527487B728817D6200124594 /* AccountClient.swift */ = {isa = PBXFileReference; lastKnownFileType = sourcecode.swift; path = AccountClient.swift; sourceTree = "<group>"; };
		527487B928817E7800124594 /* AccountResponseClientModel.swift */ = {isa = PBXFileReference; lastKnownFileType = sourcecode.swift; path = AccountResponseClientModel.swift; sourceTree = "<group>"; };
		527487BD28818E4F00124594 /* AccountResponseDataModel.swift */ = {isa = PBXFileReference; lastKnownFileType = sourcecode.swift; path = AccountResponseDataModel.swift; sourceTree = "<group>"; };
		527487BF28819B8700124594 /* AccountModel.swift */ = {isa = PBXFileReference; lastKnownFileType = sourcecode.swift; path = AccountModel.swift; sourceTree = "<group>"; };
		527487C228857E9500124594 /* CustomSegmentedControl.swift */ = {isa = PBXFileReference; lastKnownFileType = sourcecode.swift; path = CustomSegmentedControl.swift; sourceTree = "<group>"; };
		527487C628858B2A00124594 /* NetworkClient.swift */ = {isa = PBXFileReference; lastKnownFileType = sourcecode.swift; path = NetworkClient.swift; sourceTree = "<group>"; };
		527487C828859CBA00124594 /* RequestMethod.swift */ = {isa = PBXFileReference; lastKnownFileType = sourcecode.swift; path = RequestMethod.swift; sourceTree = "<group>"; };
		528A029428900897001706B2 /* QuizCategoryModel.swift */ = {isa = PBXFileReference; lastKnownFileType = sourcecode.swift; path = QuizCategoryModel.swift; sourceTree = "<group>"; };
		528A0296289009F9001706B2 /* QuizDifficultyLevelModel.swift */ = {isa = PBXFileReference; lastKnownFileType = sourcecode.swift; path = QuizDifficultyLevelModel.swift; sourceTree = "<group>"; };
		528A029828900A67001706B2 /* QuizViewModel.swift */ = {isa = PBXFileReference; lastKnownFileType = sourcecode.swift; path = QuizViewModel.swift; sourceTree = "<group>"; };
		52A997092897C5D500516F2A /* QuizCategory.swift */ = {isa = PBXFileReference; lastKnownFileType = sourcecode.swift; path = QuizCategory.swift; sourceTree = "<group>"; };
		52A9970B2897C62A00516F2A /* QuizDifficultyLevel.swift */ = {isa = PBXFileReference; lastKnownFileType = sourcecode.swift; path = QuizDifficultyLevel.swift; sourceTree = "<group>"; };
		52A9970D2897CAEF00516F2A /* Quiz.swift */ = {isa = PBXFileReference; lastKnownFileType = sourcecode.swift; path = Quiz.swift; sourceTree = "<group>"; };
		52C664572897EA4B00A7942A /* QuizDifficultyLevelDataModel.swift */ = {isa = PBXFileReference; lastKnownFileType = sourcecode.swift; path = QuizDifficultyLevelDataModel.swift; sourceTree = "<group>"; };
		52C664592897FFEE00A7942A /* QuizDifficultyLevelClientModel.swift */ = {isa = PBXFileReference; lastKnownFileType = sourcecode.swift; path = QuizDifficultyLevelClientModel.swift; sourceTree = "<group>"; };
		52C6645B2898236000A7942A /* QuizCollectionViewHeader.swift */ = {isa = PBXFileReference; lastKnownFileType = sourcecode.swift; path = QuizCollectionViewHeader.swift; sourceTree = "<group>"; };
		52C6645D2898265300A7942A /* QuizCollectionViewFooter.swift */ = {isa = PBXFileReference; lastKnownFileType = sourcecode.swift; path = QuizCollectionViewFooter.swift; sourceTree = "<group>"; };
		52DD12BB28902B6E0022AA31 /* QuizCollectionViewCell.swift */ = {isa = PBXFileReference; lastKnownFileType = sourcecode.swift; path = QuizCollectionViewCell.swift; sourceTree = "<group>"; };
		52DD12C22892DF7D0022AA31 /* QuizDifficultyLevelView.swift */ = {isa = PBXFileReference; lastKnownFileType = sourcecode.swift; path = QuizDifficultyLevelView.swift; sourceTree = "<group>"; };
		52E4772F2875999600884F2B /* QuizApp.app */ = {isa = PBXFileReference; explicitFileType = wrapper.application; includeInIndex = 0; path = QuizApp.app; sourceTree = BUILT_PRODUCTS_DIR; };
		52E477322875999600884F2B /* AppDelegate.swift */ = {isa = PBXFileReference; lastKnownFileType = sourcecode.swift; path = AppDelegate.swift; sourceTree = "<group>"; };
		52E477342875999600884F2B /* SceneDelegate.swift */ = {isa = PBXFileReference; lastKnownFileType = sourcecode.swift; path = SceneDelegate.swift; sourceTree = "<group>"; };
		52E477362875999600884F2B /* LoginViewController.swift */ = {isa = PBXFileReference; lastKnownFileType = sourcecode.swift; path = LoginViewController.swift; sourceTree = "<group>"; };
		52E4773B2875999900884F2B /* Assets.xcassets */ = {isa = PBXFileReference; lastKnownFileType = folder.assetcatalog; path = Assets.xcassets; sourceTree = "<group>"; };
		52E477402875999900884F2B /* Info.plist */ = {isa = PBXFileReference; lastKnownFileType = text.plist.xml; path = Info.plist; sourceTree = "<group>"; };
		52F621A82893DEEE008DAC33 /* QuizClient.swift */ = {isa = PBXFileReference; lastKnownFileType = sourcecode.swift; path = QuizClient.swift; sourceTree = "<group>"; };
		52F621AA2893F074008DAC33 /* QuizResponseClientModel.swift */ = {isa = PBXFileReference; lastKnownFileType = sourcecode.swift; path = QuizResponseClientModel.swift; sourceTree = "<group>"; };
		52F621AD2893F0C6008DAC33 /* QuizResponseDataModel.swift */ = {isa = PBXFileReference; lastKnownFileType = sourcecode.swift; path = QuizResponseDataModel.swift; sourceTree = "<group>"; };
		52F621AF2893F155008DAC33 /* QuizDataSource.swift */ = {isa = PBXFileReference; lastKnownFileType = sourcecode.swift; path = QuizDataSource.swift; sourceTree = "<group>"; };
		52F621B22893F371008DAC33 /* QuizUseCase.swift */ = {isa = PBXFileReference; lastKnownFileType = sourcecode.swift; path = QuizUseCase.swift; sourceTree = "<group>"; };
		52F621B42893F3AD008DAC33 /* QuizModel.swift */ = {isa = PBXFileReference; lastKnownFileType = sourcecode.swift; path = QuizModel.swift; sourceTree = "<group>"; };
		52F621B9289405D8008DAC33 /* QuizCategoryDataModel.swift */ = {isa = PBXFileReference; lastKnownFileType = sourcecode.swift; path = QuizCategoryDataModel.swift; sourceTree = "<group>"; };
		52F621BB28940780008DAC33 /* QuizCategoryClientModel.swift */ = {isa = PBXFileReference; lastKnownFileType = sourcecode.swift; path = QuizCategoryClientModel.swift; sourceTree = "<group>"; };
/* End PBXFileReference section */

/* Begin PBXFrameworksBuildPhase section */
		52E4772C2875999600884F2B /* Frameworks */ = {
			isa = PBXFrameworksBuildPhase;
			buildActionMask = 2147483647;
			files = (
				52A997082897C1E400516F2A /* Kingfisher in Frameworks */,
				5224E432287DB0CD0047E2F2 /* KeychainAccess in Frameworks */,
				526755242876D7FC00DFA655 /* SnapKit in Frameworks */,
			);
			runOnlyForDeploymentPostprocessing = 0;
		};
/* End PBXFrameworksBuildPhase section */

/* Begin PBXGroup section */
		5224E423287D715B0047E2F2 /* UI */ = {
			isa = PBXGroup;
			children = (
				526755202876D04D00DFA655 /* ConstructViewsProtocol.swift */,
				5224E428287D723F0047E2F2 /* Components */,
				5224E424287D71640047E2F2 /* Login */,
				5224E44F28804F0D0047E2F2 /* User */,
				527487C128857E3C00124594 /* Quiz */,
			);
			path = UI;
			sourceTree = "<group>";
		};
		5224E424287D71640047E2F2 /* Login */ = {
			isa = PBXGroup;
			children = (
				5224E40F287824E60047E2F2 /* LoginViewModel.swift */,
				52E477362875999600884F2B /* LoginViewController.swift */,
			);
			path = Login;
			sourceTree = "<group>";
		};
		5224E425287D71860047E2F2 /* UC */ = {
			isa = PBXGroup;
			children = (
				52F621B12893F363008DAC33 /* Quiz */,
				5224E452288069020047E2F2 /* User */,
				5224E433287DB2BB0047E2F2 /* Login */,
			);
			path = UC;
			sourceTree = "<group>";
		};
		5224E426287D719D0047E2F2 /* DS */ = {
			isa = PBXGroup;
			children = (
				52F621AC2893F0AD008DAC33 /* Quiz */,
				5224E43A287DB39E0047E2F2 /* User */,
				5224E437287DB3810047E2F2 /* Login */,
			);
			path = DS;
			sourceTree = "<group>";
		};
		5224E427287D71B80047E2F2 /* Client */ = {
			isa = PBXGroup;
			children = (
				527487C628858B2A00124594 /* NetworkClient.swift */,
				527487C828859CBA00124594 /* RequestMethod.swift */,
				5224E41B287C63660047E2F2 /* RequestError.swift */,
				527487B628817D4C00124594 /* Account */,
				5224E447287EF1660047E2F2 /* TokenCheck */,
				5224E446287EF1580047E2F2 /* Login */,
				52F621A72893DEC7008DAC33 /* Quiz */,
			);
			path = Client;
			sourceTree = "<group>";
		};
		5224E428287D723F0047E2F2 /* Components */ = {
			isa = PBXGroup;
			children = (
				5267551E2876CF9F00DFA655 /* CustomInputFieldView.swift */,
				526755252876EEFF00DFA655 /* CustomInputFieldType.swift */,
				527487C228857E9500124594 /* CustomSegmentedControl.swift */,
			);
			path = Components;
			sourceTree = "<group>";
		};
		5224E42D287DAD6B0047E2F2 /* Utils */ = {
			isa = PBXGroup;
			children = (
				5224E42E287DADC60047E2F2 /* SecurityStorage.swift */,
			);
			path = Utils;
			sourceTree = "<group>";
		};
		5224E433287DB2BB0047E2F2 /* Login */ = {
			isa = PBXGroup;
			children = (
				5224E440287DC3E30047E2F2 /* LoginUseCase.swift */,
			);
			path = Login;
			sourceTree = "<group>";
		};
		5224E437287DB3810047E2F2 /* Login */ = {
			isa = PBXGroup;
			children = (
				5224E43D287DC3CB0047E2F2 /* LoginResponseDataModel.swift */,
				5224E43B287DC3B60047E2F2 /* LoginDataSource.swift */,
			);
			path = Login;
			sourceTree = "<group>";
		};
		5224E43A287DB39E0047E2F2 /* User */ = {
			isa = PBXGroup;
			children = (
				5224E438287DB39A0047E2F2 /* UserDataSource.swift */,
				527487BD28818E4F00124594 /* AccountResponseDataModel.swift */,
			);
			path = User;
			sourceTree = "<group>";
		};
		5224E446287EF1580047E2F2 /* Login */ = {
			isa = PBXGroup;
			children = (
				5224E419287C5BC20047E2F2 /* LoginClient.swift */,
				5224E41F287C6CD20047E2F2 /* LoginResponseClientModel.swift */,
			);
			path = Login;
			sourceTree = "<group>";
		};
		5224E447287EF1660047E2F2 /* TokenCheck */ = {
			isa = PBXGroup;
			children = (
				5224E448287EF17D0047E2F2 /* TokenCheckClient.swift */,
			);
			path = TokenCheck;
			sourceTree = "<group>";
		};
		5224E44F28804F0D0047E2F2 /* User */ = {
			isa = PBXGroup;
			children = (
				5224E444287EB8BD0047E2F2 /* UserViewController.swift */,
				5224E45028804F280047E2F2 /* UserViewModel.swift */,
			);
			path = User;
			sourceTree = "<group>";
		};
		5224E452288069020047E2F2 /* User */ = {
			isa = PBXGroup;
			children = (
				5224E453288069160047E2F2 /* UserUseCase.swift */,
				527487BF28819B8700124594 /* AccountModel.swift */,
			);
			path = User;
			sourceTree = "<group>";
		};
		527487B628817D4C00124594 /* Account */ = {
			isa = PBXGroup;
			children = (
				527487B728817D6200124594 /* AccountClient.swift */,
				527487B928817E7800124594 /* AccountResponseClientModel.swift */,
			);
			path = Account;
			sourceTree = "<group>";
		};
		527487C128857E3C00124594 /* Quiz */ = {
			isa = PBXGroup;
			children = (
				5224E44D2880255F0047E2F2 /* QuizViewController.swift */,
				528A029828900A67001706B2 /* QuizViewModel.swift */,
				52DD12BB28902B6E0022AA31 /* QuizCollectionViewCell.swift */,
				52DD12C22892DF7D0022AA31 /* QuizDifficultyLevelView.swift */,
				52A997092897C5D500516F2A /* QuizCategory.swift */,
				52A9970B2897C62A00516F2A /* QuizDifficultyLevel.swift */,
				52A9970D2897CAEF00516F2A /* Quiz.swift */,
				52C6645B2898236000A7942A /* QuizCollectionViewHeader.swift */,
				52C6645D2898265300A7942A /* QuizCollectionViewFooter.swift */,
			);
			path = Quiz;
			sourceTree = "<group>";
		};
		52E477262875999600884F2B = {
			isa = PBXGroup;
			children = (
				52E477312875999600884F2B /* QuizApp */,
				52E477302875999600884F2B /* Products */,
			);
			sourceTree = "<group>";
		};
		52E477302875999600884F2B /* Products */ = {
			isa = PBXGroup;
			children = (
				52E4772F2875999600884F2B /* QuizApp.app */,
			);
			name = Products;
			sourceTree = "<group>";
		};
		52E477312875999600884F2B /* QuizApp */ = {
			isa = PBXGroup;
			children = (
				52F621B62893FF19008DAC33 /* Extensions */,
				5224E42D287DAD6B0047E2F2 /* Utils */,
				52E477322875999600884F2B /* AppDelegate.swift */,
				52E477342875999600884F2B /* SceneDelegate.swift */,
				5224E413287C3FAC0047E2F2 /* CoordinatorProtocol.swift */,
				5224E411287C31390047E2F2 /* Coordinator.swift */,
				5224E421287D6BD10047E2F2 /* AppDependencies.swift */,
				5224E423287D715B0047E2F2 /* UI */,
				5224E425287D71860047E2F2 /* UC */,
				5224E426287D719D0047E2F2 /* DS */,
				5224E427287D71B80047E2F2 /* Client */,
				52E4773B2875999900884F2B /* Assets.xcassets */,
				52E477402875999900884F2B /* Info.plist */,
			);
			path = QuizApp;
			sourceTree = "<group>";
		};
		52F621A72893DEC7008DAC33 /* Quiz */ = {
			isa = PBXGroup;
			children = (
				52F621A82893DEEE008DAC33 /* QuizClient.swift */,
				52F621AA2893F074008DAC33 /* QuizResponseClientModel.swift */,
				52F621BB28940780008DAC33 /* QuizCategoryClientModel.swift */,
				52C664592897FFEE00A7942A /* QuizDifficultyLevelClientModel.swift */,
			);
			path = Quiz;
			sourceTree = "<group>";
		};
		52F621AC2893F0AD008DAC33 /* Quiz */ = {
			isa = PBXGroup;
			children = (
				52F621AD2893F0C6008DAC33 /* QuizResponseDataModel.swift */,
				52F621AF2893F155008DAC33 /* QuizDataSource.swift */,
				52F621B9289405D8008DAC33 /* QuizCategoryDataModel.swift */,
				52C664572897EA4B00A7942A /* QuizDifficultyLevelDataModel.swift */,
			);
			path = Quiz;
			sourceTree = "<group>";
		};
		52F621B12893F363008DAC33 /* Quiz */ = {
			isa = PBXGroup;
			children = (
				52F621B22893F371008DAC33 /* QuizUseCase.swift */,
				52F621B42893F3AD008DAC33 /* QuizModel.swift */,
				528A029428900897001706B2 /* QuizCategoryModel.swift */,
				528A0296289009F9001706B2 /* QuizDifficultyLevelModel.swift */,
			);
			path = Quiz;
			sourceTree = "<group>";
		};
		52F621B62893FF19008DAC33 /* Extensions */ = {
			isa = PBXGroup;
			children = (
			);
			path = Extensions;
			sourceTree = "<group>";
		};
/* End PBXGroup section */

/* Begin PBXNativeTarget section */
		52E4772E2875999600884F2B /* QuizApp */ = {
			isa = PBXNativeTarget;
			buildConfigurationList = 52E477432875999900884F2B /* Build configuration list for PBXNativeTarget "QuizApp" */;
			buildPhases = (
				52E4772B2875999600884F2B /* Sources */,
				52E4772C2875999600884F2B /* Frameworks */,
				52E4772D2875999600884F2B /* Resources */,
				526E5C072875C68800967BD6 /* ShellScript */,
			);
			buildRules = (
			);
			dependencies = (
			);
			name = QuizApp;
			packageProductDependencies = (
				526755232876D7FC00DFA655 /* SnapKit */,
				5224E431287DB0CD0047E2F2 /* KeychainAccess */,
				52A997072897C1E400516F2A /* Kingfisher */,
			);
			productName = QuizApp;
			productReference = 52E4772F2875999600884F2B /* QuizApp.app */;
			productType = "com.apple.product-type.application";
		};
/* End PBXNativeTarget section */

/* Begin PBXProject section */
		52E477272875999600884F2B /* Project object */ = {
			isa = PBXProject;
			attributes = {
				BuildIndependentTargetsInParallel = 1;
				LastSwiftUpdateCheck = 1340;
				LastUpgradeCheck = 1340;
				TargetAttributes = {
					52E4772E2875999600884F2B = {
						CreatedOnToolsVersion = 13.4.1;
					};
				};
			};
			buildConfigurationList = 52E4772A2875999600884F2B /* Build configuration list for PBXProject "QuizApp" */;
			compatibilityVersion = "Xcode 13.0";
			developmentRegion = en;
			hasScannedForEncodings = 0;
			knownRegions = (
				en,
				Base,
			);
			mainGroup = 52E477262875999600884F2B;
			packageReferences = (
				526755222876D7FC00DFA655 /* XCRemoteSwiftPackageReference "SnapKit" */,
				5224E430287DB0CD0047E2F2 /* XCRemoteSwiftPackageReference "KeychainAccess" */,
				52A997062897C1E400516F2A /* XCRemoteSwiftPackageReference "Kingfisher" */,
			);
			productRefGroup = 52E477302875999600884F2B /* Products */;
			projectDirPath = "";
			projectRoot = "";
			targets = (
				52E4772E2875999600884F2B /* QuizApp */,
			);
		};
/* End PBXProject section */

/* Begin PBXResourcesBuildPhase section */
		52E4772D2875999600884F2B /* Resources */ = {
			isa = PBXResourcesBuildPhase;
			buildActionMask = 2147483647;
			files = (
				52E4773C2875999900884F2B /* Assets.xcassets in Resources */,
			);
			runOnlyForDeploymentPostprocessing = 0;
		};
/* End PBXResourcesBuildPhase section */

/* Begin PBXShellScriptBuildPhase section */
		526E5C072875C68800967BD6 /* ShellScript */ = {
			isa = PBXShellScriptBuildPhase;
			buildActionMask = 2147483647;
			files = (
			);
			inputFileListPaths = (
			);
			inputPaths = (
			);
			outputFileListPaths = (
			);
			outputPaths = (
			);
			runOnlyForDeploymentPostprocessing = 0;
			shellPath = /bin/sh;
			shellScript = "if which swiftlint >/dev/null; then\n    swiftlint\nelse\n    echo \"warning: SwiftLint not installed\"\nfi\n";
		};
/* End PBXShellScriptBuildPhase section */

/* Begin PBXSourcesBuildPhase section */
		52E4772B2875999600884F2B /* Sources */ = {
			isa = PBXSourcesBuildPhase;
			buildActionMask = 2147483647;
			files = (
				52A9970C2897C62A00516F2A /* QuizDifficultyLevel.swift in Sources */,
				52C664582897EA4B00A7942A /* QuizDifficultyLevelDataModel.swift in Sources */,
				527487BA28817E7800124594 /* AccountResponseClientModel.swift in Sources */,
				5224E41A287C5BC20047E2F2 /* LoginClient.swift in Sources */,
				52DD12C32892DF7D0022AA31 /* QuizDifficultyLevelView.swift in Sources */,
				5224E45128804F280047E2F2 /* UserViewModel.swift in Sources */,
				528A029928900A67001706B2 /* QuizViewModel.swift in Sources */,
				52F621AE2893F0C6008DAC33 /* QuizResponseDataModel.swift in Sources */,
				5224E412287C31390047E2F2 /* Coordinator.swift in Sources */,
				526755212876D04D00DFA655 /* ConstructViewsProtocol.swift in Sources */,
				52C6645E2898265300A7942A /* QuizCollectionViewFooter.swift in Sources */,
				52E477372875999600884F2B /* LoginViewController.swift in Sources */,
				526755262876EEFF00DFA655 /* CustomInputFieldType.swift in Sources */,
				527487C328857E9500124594 /* CustomSegmentedControl.swift in Sources */,
				52DD12BC28902B6E0022AA31 /* QuizCollectionViewCell.swift in Sources */,
				5224E43E287DC3CB0047E2F2 /* LoginResponseDataModel.swift in Sources */,
				52E477332875999600884F2B /* AppDelegate.swift in Sources */,
				5224E449287EF17D0047E2F2 /* TokenCheckClient.swift in Sources */,
				52A9970E2897CAEF00516F2A /* Quiz.swift in Sources */,
				52F621B52893F3AD008DAC33 /* QuizModel.swift in Sources */,
				5224E43C287DC3B60047E2F2 /* LoginDataSource.swift in Sources */,
				528A0297289009F9001706B2 /* QuizDifficultyLevelModel.swift in Sources */,
				527487C728858B2A00124594 /* NetworkClient.swift in Sources */,
				52F621BA289405D8008DAC33 /* QuizCategoryDataModel.swift in Sources */,
				527487BE28818E4F00124594 /* AccountResponseDataModel.swift in Sources */,
				52F621B02893F155008DAC33 /* QuizDataSource.swift in Sources */,
				5224E454288069160047E2F2 /* UserUseCase.swift in Sources */,
				52F621A92893DEEE008DAC33 /* QuizClient.swift in Sources */,
				5224E422287D6BD10047E2F2 /* AppDependencies.swift in Sources */,
				5224E442287DC3E30047E2F2 /* LoginUseCase.swift in Sources */,
				5224E414287C3FAC0047E2F2 /* CoordinatorProtocol.swift in Sources */,
				527487C928859CBA00124594 /* RequestMethod.swift in Sources */,
				52A9970A2897C5D500516F2A /* QuizCategory.swift in Sources */,
				5224E439287DB39A0047E2F2 /* UserDataSource.swift in Sources */,
				52E477352875999600884F2B /* SceneDelegate.swift in Sources */,
				528A029528900897001706B2 /* QuizCategoryModel.swift in Sources */,
				52C6645A2897FFEE00A7942A /* QuizDifficultyLevelClientModel.swift in Sources */,
				5224E41C287C63660047E2F2 /* RequestError.swift in Sources */,
				52F621B32893F371008DAC33 /* QuizUseCase.swift in Sources */,
				527487C028819B8700124594 /* AccountModel.swift in Sources */,
				5224E44E2880255F0047E2F2 /* QuizViewController.swift in Sources */,
				52C6645C2898236000A7942A /* QuizCollectionViewHeader.swift in Sources */,
				527487B828817D6200124594 /* AccountClient.swift in Sources */,
				5267551F2876CF9F00DFA655 /* CustomInputFieldView.swift in Sources */,
				5224E410287824E60047E2F2 /* LoginViewModel.swift in Sources */,
				52F621BC28940780008DAC33 /* QuizCategoryClientModel.swift in Sources */,
				5224E42F287DADC60047E2F2 /* SecurityStorage.swift in Sources */,
				52F621AB2893F074008DAC33 /* QuizResponseClientModel.swift in Sources */,
				5224E420287C6CD20047E2F2 /* LoginResponseClientModel.swift in Sources */,
				5224E445287EB8BD0047E2F2 /* UserViewController.swift in Sources */,
			);
			runOnlyForDeploymentPostprocessing = 0;
		};
/* End PBXSourcesBuildPhase section */

/* Begin XCBuildConfiguration section */
		52E477412875999900884F2B /* Debug */ = {
			isa = XCBuildConfiguration;
			buildSettings = {
				ALWAYS_SEARCH_USER_PATHS = NO;
				CLANG_ANALYZER_NONNULL = YES;
				CLANG_ANALYZER_NUMBER_OBJECT_CONVERSION = YES_AGGRESSIVE;
				CLANG_CXX_LANGUAGE_STANDARD = "gnu++17";
				CLANG_ENABLE_MODULES = YES;
				CLANG_ENABLE_OBJC_ARC = YES;
				CLANG_ENABLE_OBJC_WEAK = YES;
				CLANG_WARN_BLOCK_CAPTURE_AUTORELEASING = YES;
				CLANG_WARN_BOOL_CONVERSION = YES;
				CLANG_WARN_COMMA = YES;
				CLANG_WARN_CONSTANT_CONVERSION = YES;
				CLANG_WARN_DEPRECATED_OBJC_IMPLEMENTATIONS = YES;
				CLANG_WARN_DIRECT_OBJC_ISA_USAGE = YES_ERROR;
				CLANG_WARN_DOCUMENTATION_COMMENTS = YES;
				CLANG_WARN_EMPTY_BODY = YES;
				CLANG_WARN_ENUM_CONVERSION = YES;
				CLANG_WARN_INFINITE_RECURSION = YES;
				CLANG_WARN_INT_CONVERSION = YES;
				CLANG_WARN_NON_LITERAL_NULL_CONVERSION = YES;
				CLANG_WARN_OBJC_IMPLICIT_RETAIN_SELF = YES;
				CLANG_WARN_OBJC_LITERAL_CONVERSION = YES;
				CLANG_WARN_OBJC_ROOT_CLASS = YES_ERROR;
				CLANG_WARN_QUOTED_INCLUDE_IN_FRAMEWORK_HEADER = YES;
				CLANG_WARN_RANGE_LOOP_ANALYSIS = YES;
				CLANG_WARN_STRICT_PROTOTYPES = YES;
				CLANG_WARN_SUSPICIOUS_MOVE = YES;
				CLANG_WARN_UNGUARDED_AVAILABILITY = YES_AGGRESSIVE;
				CLANG_WARN_UNREACHABLE_CODE = YES;
				CLANG_WARN__DUPLICATE_METHOD_MATCH = YES;
				COPY_PHASE_STRIP = NO;
				DEBUG_INFORMATION_FORMAT = dwarf;
				ENABLE_STRICT_OBJC_MSGSEND = YES;
				ENABLE_TESTABILITY = YES;
				GCC_C_LANGUAGE_STANDARD = gnu11;
				GCC_DYNAMIC_NO_PIC = NO;
				GCC_NO_COMMON_BLOCKS = YES;
				GCC_OPTIMIZATION_LEVEL = 0;
				GCC_PREPROCESSOR_DEFINITIONS = (
					"DEBUG=1",
					"$(inherited)",
				);
				GCC_WARN_64_TO_32_BIT_CONVERSION = YES;
				GCC_WARN_ABOUT_RETURN_TYPE = YES_ERROR;
				GCC_WARN_UNDECLARED_SELECTOR = YES;
				GCC_WARN_UNINITIALIZED_AUTOS = YES_AGGRESSIVE;
				GCC_WARN_UNUSED_FUNCTION = YES;
				GCC_WARN_UNUSED_VARIABLE = YES;
				IPHONEOS_DEPLOYMENT_TARGET = 15.0;
				MTL_ENABLE_DEBUG_INFO = INCLUDE_SOURCE;
				MTL_FAST_MATH = YES;
				ONLY_ACTIVE_ARCH = YES;
				SDKROOT = iphoneos;
				SWIFT_ACTIVE_COMPILATION_CONDITIONS = DEBUG;
				SWIFT_OPTIMIZATION_LEVEL = "-Onone";
			};
			name = Debug;
		};
		52E477422875999900884F2B /* Release */ = {
			isa = XCBuildConfiguration;
			buildSettings = {
				ALWAYS_SEARCH_USER_PATHS = NO;
				CLANG_ANALYZER_NONNULL = YES;
				CLANG_ANALYZER_NUMBER_OBJECT_CONVERSION = YES_AGGRESSIVE;
				CLANG_CXX_LANGUAGE_STANDARD = "gnu++17";
				CLANG_ENABLE_MODULES = YES;
				CLANG_ENABLE_OBJC_ARC = YES;
				CLANG_ENABLE_OBJC_WEAK = YES;
				CLANG_WARN_BLOCK_CAPTURE_AUTORELEASING = YES;
				CLANG_WARN_BOOL_CONVERSION = YES;
				CLANG_WARN_COMMA = YES;
				CLANG_WARN_CONSTANT_CONVERSION = YES;
				CLANG_WARN_DEPRECATED_OBJC_IMPLEMENTATIONS = YES;
				CLANG_WARN_DIRECT_OBJC_ISA_USAGE = YES_ERROR;
				CLANG_WARN_DOCUMENTATION_COMMENTS = YES;
				CLANG_WARN_EMPTY_BODY = YES;
				CLANG_WARN_ENUM_CONVERSION = YES;
				CLANG_WARN_INFINITE_RECURSION = YES;
				CLANG_WARN_INT_CONVERSION = YES;
				CLANG_WARN_NON_LITERAL_NULL_CONVERSION = YES;
				CLANG_WARN_OBJC_IMPLICIT_RETAIN_SELF = YES;
				CLANG_WARN_OBJC_LITERAL_CONVERSION = YES;
				CLANG_WARN_OBJC_ROOT_CLASS = YES_ERROR;
				CLANG_WARN_QUOTED_INCLUDE_IN_FRAMEWORK_HEADER = YES;
				CLANG_WARN_RANGE_LOOP_ANALYSIS = YES;
				CLANG_WARN_STRICT_PROTOTYPES = YES;
				CLANG_WARN_SUSPICIOUS_MOVE = YES;
				CLANG_WARN_UNGUARDED_AVAILABILITY = YES_AGGRESSIVE;
				CLANG_WARN_UNREACHABLE_CODE = YES;
				CLANG_WARN__DUPLICATE_METHOD_MATCH = YES;
				COPY_PHASE_STRIP = NO;
				DEBUG_INFORMATION_FORMAT = "dwarf-with-dsym";
				ENABLE_NS_ASSERTIONS = NO;
				ENABLE_STRICT_OBJC_MSGSEND = YES;
				GCC_C_LANGUAGE_STANDARD = gnu11;
				GCC_NO_COMMON_BLOCKS = YES;
				GCC_WARN_64_TO_32_BIT_CONVERSION = YES;
				GCC_WARN_ABOUT_RETURN_TYPE = YES_ERROR;
				GCC_WARN_UNDECLARED_SELECTOR = YES;
				GCC_WARN_UNINITIALIZED_AUTOS = YES_AGGRESSIVE;
				GCC_WARN_UNUSED_FUNCTION = YES;
				GCC_WARN_UNUSED_VARIABLE = YES;
				IPHONEOS_DEPLOYMENT_TARGET = 15.0;
				MTL_ENABLE_DEBUG_INFO = NO;
				MTL_FAST_MATH = YES;
				SDKROOT = iphoneos;
				SWIFT_COMPILATION_MODE = wholemodule;
				SWIFT_OPTIMIZATION_LEVEL = "-O";
				VALIDATE_PRODUCT = YES;
			};
			name = Release;
		};
		52E477442875999900884F2B /* Debug */ = {
			isa = XCBuildConfiguration;
			buildSettings = {
				ASSETCATALOG_COMPILER_APPICON_NAME = AppIcon;
				ASSETCATALOG_COMPILER_GLOBAL_ACCENT_COLOR_NAME = AccentColor;
				CODE_SIGN_STYLE = Automatic;
				CURRENT_PROJECT_VERSION = 1;
				DEVELOPMENT_TEAM = UH2DGFY867;
				GENERATE_INFOPLIST_FILE = YES;
				INFOPLIST_FILE = QuizApp/Info.plist;
				INFOPLIST_KEY_UIApplicationSupportsIndirectInputEvents = YES;
				INFOPLIST_KEY_UILaunchStoryboardName = LaunchScreen;
				INFOPLIST_KEY_UISupportedInterfaceOrientations_iPad = "UIInterfaceOrientationPortrait UIInterfaceOrientationPortraitUpsideDown UIInterfaceOrientationLandscapeLeft UIInterfaceOrientationLandscapeRight";
				INFOPLIST_KEY_UISupportedInterfaceOrientations_iPhone = "UIInterfaceOrientationPortrait UIInterfaceOrientationLandscapeLeft UIInterfaceOrientationLandscapeRight";
				IPHONEOS_DEPLOYMENT_TARGET = 15.0;
				LD_RUNPATH_SEARCH_PATHS = (
					"$(inherited)",
					"@executable_path/Frameworks",
				);
				MARKETING_VERSION = 1.0;
				PRODUCT_BUNDLE_IDENTIFIER = five.agency.josipasupe.QuizApp;
				PRODUCT_NAME = "$(TARGET_NAME)";
				SWIFT_EMIT_LOC_STRINGS = YES;
				SWIFT_VERSION = 5.0;
				TARGETED_DEVICE_FAMILY = "1,2";
			};
			name = Debug;
		};
		52E477452875999900884F2B /* Release */ = {
			isa = XCBuildConfiguration;
			buildSettings = {
				ASSETCATALOG_COMPILER_APPICON_NAME = AppIcon;
				ASSETCATALOG_COMPILER_GLOBAL_ACCENT_COLOR_NAME = AccentColor;
				CODE_SIGN_STYLE = Automatic;
				CURRENT_PROJECT_VERSION = 1;
				DEVELOPMENT_TEAM = UH2DGFY867;
				GENERATE_INFOPLIST_FILE = YES;
				INFOPLIST_FILE = QuizApp/Info.plist;
				INFOPLIST_KEY_UIApplicationSupportsIndirectInputEvents = YES;
				INFOPLIST_KEY_UILaunchStoryboardName = LaunchScreen;
				INFOPLIST_KEY_UISupportedInterfaceOrientations_iPad = "UIInterfaceOrientationPortrait UIInterfaceOrientationPortraitUpsideDown UIInterfaceOrientationLandscapeLeft UIInterfaceOrientationLandscapeRight";
				INFOPLIST_KEY_UISupportedInterfaceOrientations_iPhone = "UIInterfaceOrientationPortrait UIInterfaceOrientationLandscapeLeft UIInterfaceOrientationLandscapeRight";
				IPHONEOS_DEPLOYMENT_TARGET = 15.0;
				LD_RUNPATH_SEARCH_PATHS = (
					"$(inherited)",
					"@executable_path/Frameworks",
				);
				MARKETING_VERSION = 1.0;
				PRODUCT_BUNDLE_IDENTIFIER = five.agency.josipasupe.QuizApp;
				PRODUCT_NAME = "$(TARGET_NAME)";
				SWIFT_EMIT_LOC_STRINGS = YES;
				SWIFT_VERSION = 5.0;
				TARGETED_DEVICE_FAMILY = "1,2";
			};
			name = Release;
		};
/* End XCBuildConfiguration section */

/* Begin XCConfigurationList section */
		52E4772A2875999600884F2B /* Build configuration list for PBXProject "QuizApp" */ = {
			isa = XCConfigurationList;
			buildConfigurations = (
				52E477412875999900884F2B /* Debug */,
				52E477422875999900884F2B /* Release */,
			);
			defaultConfigurationIsVisible = 0;
			defaultConfigurationName = Release;
		};
		52E477432875999900884F2B /* Build configuration list for PBXNativeTarget "QuizApp" */ = {
			isa = XCConfigurationList;
			buildConfigurations = (
				52E477442875999900884F2B /* Debug */,
				52E477452875999900884F2B /* Release */,
			);
			defaultConfigurationIsVisible = 0;
			defaultConfigurationName = Release;
		};
/* End XCConfigurationList section */

/* Begin XCRemoteSwiftPackageReference section */
		5224E430287DB0CD0047E2F2 /* XCRemoteSwiftPackageReference "KeychainAccess" */ = {
			isa = XCRemoteSwiftPackageReference;
			repositoryURL = "https://github.com/kishikawakatsumi/KeychainAccess.git";
			requirement = {
				kind = upToNextMajorVersion;
				minimumVersion = 4.2.2;
			};
		};
		526755222876D7FC00DFA655 /* XCRemoteSwiftPackageReference "SnapKit" */ = {
			isa = XCRemoteSwiftPackageReference;
			repositoryURL = "https://github.com/SnapKit/SnapKit.git";
			requirement = {
				kind = upToNextMajorVersion;
				minimumVersion = 5.0.0;
			};
		};
		52A997062897C1E400516F2A /* XCRemoteSwiftPackageReference "Kingfisher" */ = {
			isa = XCRemoteSwiftPackageReference;
			repositoryURL = "https://github.com/onevcat/Kingfisher.git";
			requirement = {
				kind = upToNextMajorVersion;
				minimumVersion = 7.0.0;
			};
		};
/* End XCRemoteSwiftPackageReference section */

/* Begin XCSwiftPackageProductDependency section */
		5224E431287DB0CD0047E2F2 /* KeychainAccess */ = {
			isa = XCSwiftPackageProductDependency;
			package = 5224E430287DB0CD0047E2F2 /* XCRemoteSwiftPackageReference "KeychainAccess" */;
			productName = KeychainAccess;
		};
		526755232876D7FC00DFA655 /* SnapKit */ = {
			isa = XCSwiftPackageProductDependency;
			package = 526755222876D7FC00DFA655 /* XCRemoteSwiftPackageReference "SnapKit" */;
			productName = SnapKit;
		};
		52A997072897C1E400516F2A /* Kingfisher */ = {
			isa = XCSwiftPackageProductDependency;
			package = 52A997062897C1E400516F2A /* XCRemoteSwiftPackageReference "Kingfisher" */;
			productName = Kingfisher;
		};
/* End XCSwiftPackageProductDependency section */
	};
	rootObject = 52E477272875999600884F2B /* Project object */;
}
